# @generated - this file is auto-generated by `mise lock` https://mise.en.dev/dev-tools/mise-lock.html

[[tools."aqua:EmbarkStudios/cargo-deny"]]
version = "0.19.9"
backend = "aqua:EmbarkStudios/cargo-deny"

[tools."aqua:EmbarkStudios/cargo-deny"."platforms.linux-arm64"]
checksum = "sha256:32580dcc2bc13fbeeb7c50edc38ef99c3b9ce9569a1d07a96e11b3b941f3e72e"
url = "https://github.com/EmbarkStudios/cargo-deny/releases/download/0.19.9/cargo-deny-0.19.9-aarch64-unknown-linux-musl.tar.gz"

[tools."aqua:EmbarkStudios/cargo-deny"."platforms.linux-arm64-musl"]
checksum = "sha256:32580dcc2bc13fbeeb7c50edc38ef99c3b9ce9569a1d07a96e11b3b941f3e72e"
url = "https://github.com/EmbarkStudios/cargo-deny/releases/download/0.19.9/cargo-deny-0.19.9-aarch64-unknown-linux-musl.tar.gz"

[tools."aqua:EmbarkStudios/cargo-deny"."platforms.linux-x64"]
checksum = "sha256:f1f8eedc2a3ac297c540873f93785d4104b102c0079506b2a6b3221b7ec956af"
url = "https://github.com/EmbarkStudios/cargo-deny/releases/download/0.19.9/cargo-deny-0.19.9-x86_64-unknown-linux-musl.tar.gz"

[tools."aqua:EmbarkStudios/cargo-deny"."platforms.linux-x64-musl"]
checksum = "sha256:f1f8eedc2a3ac297c540873f93785d4104b102c0079506b2a6b3221b7ec956af"
url = "https://github.com/EmbarkStudios/cargo-deny/releases/download/0.19.9/cargo-deny-0.19.9-x86_64-unknown-linux-musl.tar.gz"

[tools."aqua:EmbarkStudios/cargo-deny"."platforms.macos-arm64"]
checksum = "sha256:be6fd555e910ac360e25cbef4f16ead47d87d2545fa07aa27223ef0f9af1a02c"
url = "https://github.com/EmbarkStudios/cargo-deny/releases/download/0.19.9/cargo-deny-0.19.9-aarch64-apple-darwin.tar.gz"

[tools."aqua:EmbarkStudios/cargo-deny"."platforms.macos-x64"]
checksum = "sha256:3336724665a3aef124a9e4c79cb59968df36d21bfcda5ae596abe2a7874b1938"
url = "https://github.com/EmbarkStudios/cargo-deny/releases/download/0.19.9/cargo-deny-0.19.9-x86_64-apple-darwin.tar.gz"

[tools."aqua:EmbarkStudios/cargo-deny"."platforms.windows-x64"]
checksum = "sha256:a0f2b3da55444f1a354fcbd20ce4b94981ab8193c1b674362d4761905f31ffd0"
url = "https://github.com/EmbarkStudios/cargo-deny/releases/download/0.19.9/cargo-deny-0.19.9-x86_64-pc-windows-msvc.tar.gz"

[[tools."aqua:hadolint/hadolint"]]
version = "2.15.1"
backend = "aqua:hadolint/hadolint"

[tools."aqua:hadolint/hadolint"."platforms.linux-arm64"]
checksum = "sha256:f6198ef8090f404dbb771abfee086eb8c48ac177f30da7fd3510aca35b344b5d"
url = "https://github.com/hadolint/hadolint/releases/download/v2.15.1/hadolint-linux-arm64"
url_api = "https://api.github.com/repos/hadolint/hadolint/releases/assets/496546507"
provenance = "github-attestations"

[tools."aqua:hadolint/hadolint"."platforms.linux-arm64-musl"]
checksum = "sha256:f6198ef8090f404dbb771abfee086eb8c48ac177f30da7fd3510aca35b344b5d"
url = "https://github.com/hadolint/hadolint/releases/download/v2.15.1/hadolint-linux-arm64"
url_api = "https://api.github.com/repos/hadolint/hadolint/releases/assets/496546507"
provenance = "github-attestations"

[tools."aqua:hadolint/hadolint"."platforms.linux-x64"]
checksum = "sha256:c7187db94eeeeca956519a6af171adc31453941a1e777961f6e680f697c8c507"
url = "https://github.com/hadolint/hadolint/releases/download/v2.15.1/hadolint-linux-x86_64"
url_api = "https://api.github.com/repos/hadolint/hadolint/releases/assets/496546506"
provenance = "github-attestations"

[tools."aqua:hadolint/hadolint"."platforms.linux-x64-musl"]
checksum = "sha256:c7187db94eeeeca956519a6af171adc31453941a1e777961f6e680f697c8c507"
url = "https://github.com/hadolint/hadolint/releases/download/v2.15.1/hadolint-linux-x86_64"
url_api = "https://api.github.com/repos/hadolint/hadolint/releases/assets/496546506"
provenance = "github-attestations"

[tools."aqua:hadolint/hadolint"."platforms.macos-arm64"]
checksum = "sha256:5c09f3213f8e40406abe048233d985eebef336d4a6a20021be47fadb6cf480a2"
url = "https://github.com/hadolint/hadolint/releases/download/v2.15.1/hadolint-macos-arm64"
url_api = "https://api.github.com/repos/hadolint/hadolint/releases/assets/496546505"
provenance = "github-attestations"

[tools."aqua:hadolint/hadolint"."platforms.macos-x64"]
checksum = "sha256:ffe9bb18b23d5ed1eae50237aecdbb523d016e96da0bd4e7aa432040acfc3fde"
url = "https://github.com/hadolint/hadolint/releases/download/v2.15.1/hadolint-macos-x86_64"
url_api = "https://api.github.com/repos/hadolint/hadolint/releases/assets/496546509"
provenance = "github-attestations"

[tools."aqua:hadolint/hadolint"."platforms.windows-x64"]
checksum = "sha256:01d927294962b5387f9ead4f18679158452be4f17c765ad0bdffe5264b9c7b0a"
url = "https://github.com/hadolint/hadolint/releases/download/v2.15.1/hadolint-windows-x86_64.exe"
url_api = "https://api.github.com/repos/hadolint/hadolint/releases/assets/496546508"
provenance = "github-attestations"

[[tools."aqua:superfly/flyctl"]]
version = "0.4.104"
backend = "aqua:superfly/flyctl"

[tools."aqua:superfly/flyctl"."platforms.linux-arm64"]
checksum = "sha256:245d48c4e48b11c4b75e8a860afddb6f7ceabaf8975eea1b113ccff69a9e92c7"
url = "https://github.com/superfly/flyctl/releases/download/v0.4.104/flyctl_0.4.104_Linux_arm64.tar.gz"
url_api = "https://api.github.com/repos/superfly/flyctl/releases/assets/566333651"

[tools."aqua:superfly/flyctl"."platforms.linux-arm64-musl"]
checksum = "sha256:245d48c4e48b11c4b75e8a860afddb6f7ceabaf8975eea1b113ccff69a9e92c7"
url = "https://github.com/superfly/flyctl/releases/download/v0.4.104/flyctl_0.4.104_Linux_arm64.tar.gz"
url_api = "https://api.github.com/repos/superfly/flyctl/releases/assets/566333651"

[tools."aqua:superfly/flyctl"."platforms.linux-x64"]
checksum = "sha256:4023d2a4f5e76198197f80bde74271184b200b9034bb16d799acba373714bfbc"
url = "https://github.com/superfly/flyctl/releases/download/v0.4.104/flyctl_0.4.104_Linux_x86_64.tar.gz"
url_api = "https://api.github.com/repos/superfly/flyctl/releases/assets/566333649"

[tools."aqua:superfly/flyctl"."platforms.linux-x64-musl"]
checksum = "sha256:4023d2a4f5e76198197f80bde74271184b200b9034bb16d799acba373714bfbc"
url = "https://github.com/superfly/flyctl/releases/download/v0.4.104/flyctl_0.4.104_Linux_x86_64.tar.gz"
url_api = "https://api.github.com/repos/superfly/flyctl/releases/assets/566333649"

[tools."aqua:superfly/flyctl"."platforms.macos-arm64"]
checksum = "sha256:dc8c3c46027e375173afa5ebdcc384a1994f24a247231604603d0019a8bfc123"
url = "https://github.com/superfly/flyctl/releases/download/v0.4.104/flyctl_0.4.104_macOS_arm64.tar.gz"
url_api = "https://api.github.com/repos/superfly/flyctl/releases/assets/566333648"

[tools."aqua:superfly/flyctl"."platforms.macos-x64"]
checksum = "sha256:776655df707bd4c4d599fcb822a7c21c2634240cb68d2bdd9ab5b5dc6aa927ed"
url = "https://github.com/superfly/flyctl/releases/download/v0.4.104/flyctl_0.4.104_macOS_x86_64.tar.gz"
url_api = "https://api.github.com/repos/superfly/flyctl/releases/assets/566333663"

[tools."aqua:superfly/flyctl"."platforms.windows-x64"]
checksum = "sha256:16f8f5e56bd901f8f9d5dd88f9ab58cdba6cd726dce7d9fd19815509d110eda7"
url = "https://github.com/superfly/flyctl/releases/download/v0.4.104/flyctl_0.4.104_Windows_x86_64.zip"
url_api = "https://api.github.com/repos/superfly/flyctl/releases/assets/566333737"

[[tools.cargo-binstall]]
version = "1.21.1"
backend = "aqua:cargo-bins/cargo-binstall"

[tools.cargo-binstall."platforms.linux-arm64"]
checksum = "sha256:1dc2979f3c83aade9a1b4344589d14fafa63459b759222528d11419f5cca9cc2"
url = "https://github.com/cargo-bins/cargo-binstall/releases/download/v1.21.1/cargo-binstall-aarch64-unknown-linux-musl.tgz"
provenance = "github-attestations"

[tools.cargo-binstall."platforms.linux-arm64-musl"]
checksum = "sha256:1dc2979f3c83aade9a1b4344589d14fafa63459b759222528d11419f5cca9cc2"
url = "https://github.com/cargo-bins/cargo-binstall/releases/download/v1.21.1/cargo-binstall-aarch64-unknown-linux-musl.tgz"
provenance = "github-attestations"

[tools.cargo-binstall."platforms.linux-x64"]
checksum = "sha256:630c8f8803a686aa6779497f0f0fb51d49822fb5fc3c514d8ced33b34e338e6e"
url = "https://github.com/cargo-bins/cargo-binstall/releases/download/v1.21.1/cargo-binstall-x86_64-unknown-linux-musl.tgz"
provenance = "github-attestations"

[tools.cargo-binstall."platforms.linux-x64-musl"]
checksum = "sha256:630c8f8803a686aa6779497f0f0fb51d49822fb5fc3c514d8ced33b34e338e6e"
url = "https://github.com/cargo-bins/cargo-binstall/releases/download/v1.21.1/cargo-binstall-x86_64-unknown-linux-musl.tgz"
provenance = "github-attestations"

[tools.cargo-binstall."platforms.macos-arm64"]
checksum = "sha256:bd03935f1a6d652647f6d42a2cd39396a55094ffddc65bed0debebfe32feea43"
url = "https://github.com/cargo-bins/cargo-binstall/releases/download/v1.21.1/cargo-binstall-aarch64-apple-darwin.zip"
provenance = "github-attestations"

[tools.cargo-binstall."platforms.macos-x64"]
checksum = "sha256:73894951a5c5343476e703b9f2ccea9e829396147ee33bded6a5e94c09298d81"
url = "https://github.com/cargo-bins/cargo-binstall/releases/download/v1.21.1/cargo-binstall-x86_64-apple-darwin.zip"
provenance = "github-attestations"

[tools.cargo-binstall."platforms.windows-x64"]
checksum = "sha256:27aee4e73cd8b1d479730cb9cdbd89b1114453a135689d4ee1a7e7f913f0ffe1"
url = "https://github.com/cargo-bins/cargo-binstall/releases/download/v1.21.1/cargo-binstall-x86_64-pc-windows-msvc.zip"
provenance = "github-attestations"

[[tools."cargo:lychee"]]
version = "0.24.0"
backend = "cargo:lychee"

[[tools."cargo:mdbook"]]
version = "0.5.3"
backend = "cargo:mdbook"

[[tools."github:nextest-rs/nextest"]]
version = "0.9.145"
backend = "github:nextest-rs/nextest"

[tools."github:nextest-rs/nextest".options]
version_prefix = "cargo-nextest-"

[tools."github:nextest-rs/nextest"."platforms.linux-arm64"]
checksum = "sha256:0ad2815fd91a7ecec3a7e25c749b584f66729ac688fd26b2fd494f7ff94b7fd0"
url = "https://github.com/nextest-rs/nextest/releases/download/cargo-nextest-0.9.145/cargo-nextest-0.9.145-aarch64-unknown-linux-gnu.tar.gz"
url_api = "https://api.github.com/repos/nextest-rs/nextest/releases/assets/568837128"
provenance = "github-attestations"

[tools."github:nextest-rs/nextest"."platforms.linux-arm64-musl"]
checksum = "sha256:103a8f68b20fb01ee5daf2eb4c037b54ace550a04a288ee35761c5e7b0351311"
url = "https://github.com/nextest-rs/nextest/releases/download/cargo-nextest-0.9.145/cargo-nextest-0.9.145-aarch64-unknown-linux-musl.tar.gz"
url_api = "https://api.github.com/repos/nextest-rs/nextest/releases/assets/568839937"
provenance = "github-attestations"

[tools."github:nextest-rs/nextest"."platforms.linux-x64"]
checksum = "sha256:32aa82416099eb12fffae9cf1a279ad201fecbd3f74826c613e32e9006b29867"
url = "https://github.com/nextest-rs/nextest/releases/download/cargo-nextest-0.9.145/cargo-nextest-0.9.145-x86_64-unknown-linux-gnu.tar.gz"
url_api = "https://api.github.com/repos/nextest-rs/nextest/releases/assets/568838794"
provenance = "github-attestations"

[tools."github:nextest-rs/nextest"."platforms.linux-x64-musl"]
checksum = "sha256:cd3c85194e8b28ad26676d287f41f0d6b4d456cef5bd94700def5dea8e328883"
url = "https://github.com/nextest-rs/nextest/releases/download/cargo-nextest-0.9.145/cargo-nextest-0.9.145-x86_64-unknown-linux-musl.tar.gz"
url_api = "https://api.github.com/repos/nextest-rs/nextest/releases/assets/568841304"
provenance = "github-attestations"

[tools."github:nextest-rs/nextest"."platforms.macos-arm64"]
checksum = "sha256:52ecaedb4f5af9267ef7ed02bc937d2a15a94ff96cb663080e81311f798c9905"
url = "https://github.com/nextest-rs/nextest/releases/download/cargo-nextest-0.9.145/cargo-nextest-0.9.145-universal-apple-darwin.tar.gz"
url_api = "https://api.github.com/repos/nextest-rs/nextest/releases/assets/568848732"
provenance = "github-attestations"

[tools."github:nextest-rs/nextest"."platforms.macos-x64"]
checksum = "sha256:52ecaedb4f5af9267ef7ed02bc937d2a15a94ff96cb663080e81311f798c9905"
url = "https://github.com/nextest-rs/nextest/releases/download/cargo-nextest-0.9.145/cargo-nextest-0.9.145-universal-apple-darwin.tar.gz"
url_api = "https://api.github.com/repos/nextest-rs/nextest/releases/assets/568848732"
provenance = "github-attestations"

[tools."github:nextest-rs/nextest"."platforms.windows-x64"]
checksum = "sha256:5bc4b6789103e9834f596eff2b290cfb5b2b69e5413c78bbaa5acc835ac5baa0"
url = "https://github.com/nextest-rs/nextest/releases/download/cargo-nextest-0.9.145/cargo-nextest-0.9.145-x86_64-pc-windows-msvc.zip"
url_api = "https://api.github.com/repos/nextest-rs/nextest/releases/assets/568848390"
provenance = "github-attestations"

[[tools.node]]
version = "24.16.0"
backend = "core:node"

[tools.node."platforms.linux-arm64"]
checksum = "sha256:589f5b6dd4fcfee4dfda73013903c966abaa8abd93dbc9d436544e472b4f0e74"
url = "https://nodejs.org/dist/v24.16.0/node-v24.16.0-linux-arm64.tar.gz"

[tools.node."platforms.linux-arm64-musl"]
checksum = "sha256:85dde27aa73503b03dadfa0410a800067b4e3f702fb7fcaa3beaf284dfcc69e9"
url = "https://unofficial-builds.nodejs.org/download/release/v24.16.0/node-v24.16.0-linux-arm64-musl.tar.gz"

[tools.node."platforms.linux-x64"]
checksum = "sha256:2faf6a387e9b62b888e21c54f01249fb27537ffecf1842f29f4c919d0a59a0ff"
url = "https://nodejs.org/dist/v24.16.0/node-v24.16.0-linux-x64.tar.gz"

[tools.node."platforms.linux-x64-musl"]
checksum = "sha256:50df5d8d474892d4f7b906167df36f77f5b93908f63dc532dc568219cab65841"
url = "https://unofficial-builds.nodejs.org/download/release/v24.16.0/node-v24.16.0-linux-x64-musl.tar.gz"

[tools.node."platforms.macos-arm64"]
checksum = "sha256:39189dab4eeb15706c424af0ac08a3044c9e48f7db12a7d77f6b7aafc7dd5df6"
url = "https://nodejs.org/dist/v24.16.0/node-v24.16.0-darwin-arm64.tar.gz"

[tools.node."platforms.macos-x64"]
checksum = "sha256:298b4c7b3cb80765c8703e42b90324a4ece3b6634947b89e769c3c980ab55185"
url = "https://nodejs.org/dist/v24.16.0/node-v24.16.0-darwin-x64.tar.gz"

[tools.node."platforms.windows-x64"]
checksum = "sha256:edaca9bd58ec8e92037dac4e877d52f6b8f430b81c18b57e264b4e2fb111cd56"
url = "https://nodejs.org/dist/v24.16.0/node-v24.16.0-win-x64.zip"

[[tools."pipx:pre-commit"]]
version = "4.6.2"
backend = "pipx:pre-commit"

[[tools.python]]
version = "3.14.7"
backend = "core:python"

[tools.python."platforms.linux-arm64"]
checksum = "sha256:8a0798baa8a2c27b5751d590aced543eaa85e20b3f73d93c1af049688acdc9c5"
url = "https://github.com/astral-sh/python-build-standalone/releases/download/20260901/cpython-3.14.7+20260901-aarch64-unknown-linux-gnu-install_only_stripped.tar.gz"
provenance = "github-attestations"

[tools.python."platforms.linux-arm64-musl"]
checksum = "sha256:701c31d72187242302922a29f3bc6023ceb68b6b68fb8d4ed7568d1e6ef34548"
url = "https://github.com/astral-sh/python-build-standalone/releases/download/20260901/cpython-3.14.7+20260901-aarch64-unknown-linux-musl-install_only_stripped.tar.gz"
provenance = "github-attestations"

[tools.python."platforms.linux-x64"]
checksum = "sha256:3959f92825141e04adf44982d3a83ee57af0877e893b0796e04c1468749d9b04"
url = "https://github.com/astral-sh/python-build-standalone/releases/download/20260901/cpython-3.14.7+20260901-x86_64-unknown-linux-gnu-install_only_stripped.tar.gz"
provenance = "github-attestations"

[tools.python."platforms.linux-x64-musl"]
checksum = "sha256:c773f8a7357c0d1a29e208a14bc16386731ca9c0d2e51f1b6741967fb0632cdc"
url = "https://github.com/astral-sh/python-build-standalone/releases/download/20260901/cpython-3.14.7+20260901-x86_64-unknown-linux-musl-install_only_stripped.tar.gz"
provenance = "github-attestations"

[tools.python."platforms.macos-arm64"]
checksum = "sha256:4632cb1a6edad9e73d3c81b6d2e69131637d995173e3e85005df14102b0592ba"
url = "https://github.com/astral-sh/python-build-standalone/releases/download/20260901/cpython-3.14.7+20260901-aarch64-apple-darwin-install_only_stripped.tar.gz"
provenance = "github-attestations"

[tools.python."platforms.macos-x64"]
checksum = "sha256:7e151a7c9028855b61a7d6e78381f2020a1ef185281399f3b1aafc5e1c9a1a64"
url = "https://github.com/astral-sh/python-build-standalone/releases/download/20260901/cpython-3.14.7+20260901-x86_64-apple-darwin-install_only_stripped.tar.gz"
provenance = "github-attestations"

[tools.python."platforms.windows-x64"]
checksum = "sha256:ca3c33ca924dfcab3b74205a7a58a88b0255135c53f95497b26b5e60700fd66d"
url = "https://github.com/astral-sh/python-build-standalone/releases/download/20260901/cpython-3.14.7+20260901-x86_64-pc-windows-msvc-install_only_stripped.tar.gz"
provenance = "github-attestations"
