# @generated - this file is auto-generated by `mise lock` https://mise.en.dev/dev-tools/mise-lock.html

[[tools."aqua:superfly/flyctl"]]
version = "0.4.59"
backend = "aqua:superfly/flyctl"

[tools."aqua:superfly/flyctl"."platforms.linux-arm64"]
checksum = "sha256:33745457758150e500e80fc8d47e2fc68803302c668b1bca845c8b284e17c17e"
url = "https://github.com/superfly/flyctl/releases/download/v0.4.59/flyctl_0.4.59_Linux_arm64.tar.gz"

[tools."aqua:superfly/flyctl"."platforms.linux-arm64-musl"]
checksum = "sha256:33745457758150e500e80fc8d47e2fc68803302c668b1bca845c8b284e17c17e"
url = "https://github.com/superfly/flyctl/releases/download/v0.4.59/flyctl_0.4.59_Linux_arm64.tar.gz"

[tools."aqua:superfly/flyctl"."platforms.linux-x64"]
checksum = "sha256:1c560d9dbdbfdccf1fe4899ae6e55dd073cc7b5400fc15d9ae4d0176c4eff17d"
url = "https://github.com/superfly/flyctl/releases/download/v0.4.59/flyctl_0.4.59_Linux_x86_64.tar.gz"

[tools."aqua:superfly/flyctl"."platforms.linux-x64-musl"]
checksum = "sha256:1c560d9dbdbfdccf1fe4899ae6e55dd073cc7b5400fc15d9ae4d0176c4eff17d"
url = "https://github.com/superfly/flyctl/releases/download/v0.4.59/flyctl_0.4.59_Linux_x86_64.tar.gz"

[tools."aqua:superfly/flyctl"."platforms.macos-arm64"]
checksum = "sha256:42226f7feab2f268896a9407540e2ea8bb22425be9fb20a4a2cae0b7d4ba82eb"
url = "https://github.com/superfly/flyctl/releases/download/v0.4.59/flyctl_0.4.59_macOS_arm64.tar.gz"

[tools."aqua:superfly/flyctl"."platforms.macos-x64"]
checksum = "sha256:97ce8554bf1ffbabdc35948594c588706a4de69154682a06391da75f81120d13"
url = "https://github.com/superfly/flyctl/releases/download/v0.4.59/flyctl_0.4.59_macOS_x86_64.tar.gz"

[tools."aqua:superfly/flyctl"."platforms.windows-x64"]
checksum = "sha256:c3d727d1efc883ad14ffb35ac5af0befe87f4ff573ef81a7ee66c979f128b1af"
url = "https://github.com/superfly/flyctl/releases/download/v0.4.59/flyctl_0.4.59_Windows_x86_64.zip"
