# @generated - this file is auto-generated by `mise lock` https://mise.en.dev/dev-tools/mise-lock.html

[[tools."aqua:EmbarkStudios/cargo-deny"]]
version = "0.19.9"
backend = "aqua:EmbarkStudios/cargo-deny"

[tools."aqua:EmbarkStudios/cargo-deny"."platforms.linux-arm64"]
checksum = "sha256:32580dcc2bc13fbeeb7c50edc38ef99c3b9ce9569a1d07a96e11b3b941f3e72e"
url = "https://github.com/EmbarkStudios/cargo-deny/releases/download/0.19.9/cargo-deny-0.19.9-aarch64-unknown-linux-musl.tar.gz"

[tools."aqua:EmbarkStudios/cargo-deny"."platforms.linux-arm64-musl"]
checksum = "sha256:32580dcc2bc13fbeeb7c50edc38ef99c3b9ce9569a1d07a96e11b3b941f3e72e"
url = "https://github.com/EmbarkStudios/cargo-deny/releases/download/0.19.9/cargo-deny-0.19.9-aarch64-unknown-linux-musl.tar.gz"

[tools."aqua:EmbarkStudios/cargo-deny"."platforms.linux-x64"]
checksum = "sha256:f1f8eedc2a3ac297c540873f93785d4104b102c0079506b2a6b3221b7ec956af"
url = "https://github.com/EmbarkStudios/cargo-deny/releases/download/0.19.9/cargo-deny-0.19.9-x86_64-unknown-linux-musl.tar.gz"

[tools."aqua:EmbarkStudios/cargo-deny"."platforms.linux-x64-musl"]
checksum = "sha256:f1f8eedc2a3ac297c540873f93785d4104b102c0079506b2a6b3221b7ec956af"
url = "https://github.com/EmbarkStudios/cargo-deny/releases/download/0.19.9/cargo-deny-0.19.9-x86_64-unknown-linux-musl.tar.gz"

[tools."aqua:EmbarkStudios/cargo-deny"."platforms.macos-arm64"]
checksum = "sha256:be6fd555e910ac360e25cbef4f16ead47d87d2545fa07aa27223ef0f9af1a02c"
url = "https://github.com/EmbarkStudios/cargo-deny/releases/download/0.19.9/cargo-deny-0.19.9-aarch64-apple-darwin.tar.gz"

[tools."aqua:EmbarkStudios/cargo-deny"."platforms.macos-x64"]
checksum = "sha256:3336724665a3aef124a9e4c79cb59968df36d21bfcda5ae596abe2a7874b1938"
url = "https://github.com/EmbarkStudios/cargo-deny/releases/download/0.19.9/cargo-deny-0.19.9-x86_64-apple-darwin.tar.gz"

[tools."aqua:EmbarkStudios/cargo-deny"."platforms.windows-x64"]
checksum = "sha256:a0f2b3da55444f1a354fcbd20ce4b94981ab8193c1b674362d4761905f31ffd0"
url = "https://github.com/EmbarkStudios/cargo-deny/releases/download/0.19.9/cargo-deny-0.19.9-x86_64-pc-windows-msvc.tar.gz"

[[tools."aqua:hadolint/hadolint"]]
version = "2.15.0"
backend = "aqua:hadolint/hadolint"

[tools."aqua:hadolint/hadolint"."platforms.linux-arm64"]
checksum = "sha256:17993abf41a0a4da7f2e08970b4f4baf3f95e5e79b9ac80ba6b2aac1960ca71c"
url = "https://github.com/hadolint/hadolint/releases/download/v2.15.0/hadolint-linux-arm64"
url_api = "https://api.github.com/repos/hadolint/hadolint/releases/assets/495394498"

[tools."aqua:hadolint/hadolint"."platforms.linux-arm64-musl"]
checksum = "sha256:17993abf41a0a4da7f2e08970b4f4baf3f95e5e79b9ac80ba6b2aac1960ca71c"
url = "https://github.com/hadolint/hadolint/releases/download/v2.15.0/hadolint-linux-arm64"
url_api = "https://api.github.com/repos/hadolint/hadolint/releases/assets/495394498"

[tools."aqua:hadolint/hadolint"."platforms.linux-x64"]
checksum = "sha256:eb8eb4dd06a068cce65cb84743fba69f09ed12a36ff13d58f9af090d6d696970"
url = "https://github.com/hadolint/hadolint/releases/download/v2.15.0/hadolint-linux-x86_64"
url_api = "https://api.github.com/repos/hadolint/hadolint/releases/assets/495394499"

[tools."aqua:hadolint/hadolint"."platforms.linux-x64-musl"]
checksum = "sha256:eb8eb4dd06a068cce65cb84743fba69f09ed12a36ff13d58f9af090d6d696970"
url = "https://github.com/hadolint/hadolint/releases/download/v2.15.0/hadolint-linux-x86_64"
url_api = "https://api.github.com/repos/hadolint/hadolint/releases/assets/495394499"

[tools."aqua:hadolint/hadolint"."platforms.macos-arm64"]
checksum = "sha256:1d701a41d2760ec88f8eff8d93f78b743d6ed57c53146ef274dbeb540816e563"
url = "https://github.com/hadolint/hadolint/releases/download/v2.15.0/hadolint-macos-arm64"
url_api = "https://api.github.com/repos/hadolint/hadolint/releases/assets/495394500"

[tools."aqua:hadolint/hadolint"."platforms.macos-x64"]
checksum = "sha256:1d701a41d2760ec88f8eff8d93f78b743d6ed57c53146ef274dbeb540816e563"
url = "https://github.com/hadolint/hadolint/releases/download/v2.15.0/hadolint-macos-x86_64"
url_api = "https://api.github.com/repos/hadolint/hadolint/releases/assets/495394502"

[tools."aqua:hadolint/hadolint"."platforms.windows-x64"]
checksum = "sha256:8a155b50a75d7afb26a03bd29e7c67f32d83f2e5992d918010b1832fcb5866c6"
url = "https://github.com/hadolint/hadolint/releases/download/v2.15.0/hadolint-windows-x86_64.exe"
url_api = "https://api.github.com/repos/hadolint/hadolint/releases/assets/495394496"

[[tools."aqua:superfly/flyctl"]]
version = "0.4.75"
backend = "aqua:superfly/flyctl"

[tools."aqua:superfly/flyctl"."platforms.linux-arm64"]
checksum = "sha256:f8eb1200897c243dc7703a8c2eaeb6f0493cded1a5b2ed51c6544eba2df6bffe"
url = "https://github.com/superfly/flyctl/releases/download/v0.4.75/flyctl_0.4.75_Linux_arm64.tar.gz"
url_api = "https://api.github.com/repos/superfly/flyctl/releases/assets/491845320"

[tools."aqua:superfly/flyctl"."platforms.linux-arm64-musl"]
checksum = "sha256:f8eb1200897c243dc7703a8c2eaeb6f0493cded1a5b2ed51c6544eba2df6bffe"
url = "https://github.com/superfly/flyctl/releases/download/v0.4.75/flyctl_0.4.75_Linux_arm64.tar.gz"
url_api = "https://api.github.com/repos/superfly/flyctl/releases/assets/491845320"

[tools."aqua:superfly/flyctl"."platforms.linux-x64"]
checksum = "sha256:000edf4711de7b1a854a11f8148912dc63b30fba99ae52d3bbce98627015ec26"
url = "https://github.com/superfly/flyctl/releases/download/v0.4.75/flyctl_0.4.75_Linux_x86_64.tar.gz"
url_api = "https://api.github.com/repos/superfly/flyctl/releases/assets/491845319"

[tools."aqua:superfly/flyctl"."platforms.linux-x64-musl"]
checksum = "sha256:000edf4711de7b1a854a11f8148912dc63b30fba99ae52d3bbce98627015ec26"
url = "https://github.com/superfly/flyctl/releases/download/v0.4.75/flyctl_0.4.75_Linux_x86_64.tar.gz"
url_api = "https://api.github.com/repos/superfly/flyctl/releases/assets/491845319"

[tools."aqua:superfly/flyctl"."platforms.macos-arm64"]
checksum = "sha256:6d1eff0020cfe364f604f2e08e1bb179a80807fb611417bd6a20b1f99d9a294f"
url = "https://github.com/superfly/flyctl/releases/download/v0.4.75/flyctl_0.4.75_macOS_arm64.tar.gz"
url_api = "https://api.github.com/repos/superfly/flyctl/releases/assets/491845317"

[tools."aqua:superfly/flyctl"."platforms.macos-x64"]
checksum = "sha256:ef5e483331762287fca583782b9d8697a199fa3a5847bb0de3c05ed8e138720e"
url = "https://github.com/superfly/flyctl/releases/download/v0.4.75/flyctl_0.4.75_macOS_x86_64.tar.gz"
url_api = "https://api.github.com/repos/superfly/flyctl/releases/assets/491845318"

[tools."aqua:superfly/flyctl"."platforms.windows-x64"]
checksum = "sha256:0500c9c179d5bd0ac561c9f387a16ba42e503c1adf993c33d349ed4cb439d249"
url = "https://github.com/superfly/flyctl/releases/download/v0.4.75/flyctl_0.4.75_Windows_x86_64.zip"
url_api = "https://api.github.com/repos/superfly/flyctl/releases/assets/491845388"

[[tools.cargo-binstall]]
version = "1.21.1"
backend = "aqua:cargo-bins/cargo-binstall"

[tools.cargo-binstall."platforms.linux-arm64"]
checksum = "sha256:1dc2979f3c83aade9a1b4344589d14fafa63459b759222528d11419f5cca9cc2"
url = "https://github.com/cargo-bins/cargo-binstall/releases/download/v1.21.1/cargo-binstall-aarch64-unknown-linux-musl.tgz"
provenance = "github-attestations"

[tools.cargo-binstall."platforms.linux-arm64-musl"]
checksum = "sha256:1dc2979f3c83aade9a1b4344589d14fafa63459b759222528d11419f5cca9cc2"
url = "https://github.com/cargo-bins/cargo-binstall/releases/download/v1.21.1/cargo-binstall-aarch64-unknown-linux-musl.tgz"
provenance = "github-attestations"

[tools.cargo-binstall."platforms.linux-x64"]
checksum = "sha256:630c8f8803a686aa6779497f0f0fb51d49822fb5fc3c514d8ced33b34e338e6e"
url = "https://github.com/cargo-bins/cargo-binstall/releases/download/v1.21.1/cargo-binstall-x86_64-unknown-linux-musl.tgz"
provenance = "github-attestations"

[tools.cargo-binstall."platforms.linux-x64-musl"]
checksum = "sha256:630c8f8803a686aa6779497f0f0fb51d49822fb5fc3c514d8ced33b34e338e6e"
url = "https://github.com/cargo-bins/cargo-binstall/releases/download/v1.21.1/cargo-binstall-x86_64-unknown-linux-musl.tgz"
provenance = "github-attestations"

[tools.cargo-binstall."platforms.macos-arm64"]
checksum = "sha256:bd03935f1a6d652647f6d42a2cd39396a55094ffddc65bed0debebfe32feea43"
url = "https://github.com/cargo-bins/cargo-binstall/releases/download/v1.21.1/cargo-binstall-aarch64-apple-darwin.zip"
provenance = "github-attestations"

[tools.cargo-binstall."platforms.macos-x64"]
checksum = "sha256:73894951a5c5343476e703b9f2ccea9e829396147ee33bded6a5e94c09298d81"
url = "https://github.com/cargo-bins/cargo-binstall/releases/download/v1.21.1/cargo-binstall-x86_64-apple-darwin.zip"
provenance = "github-attestations"

[tools.cargo-binstall."platforms.windows-x64"]
checksum = "sha256:27aee4e73cd8b1d479730cb9cdbd89b1114453a135689d4ee1a7e7f913f0ffe1"
url = "https://github.com/cargo-bins/cargo-binstall/releases/download/v1.21.1/cargo-binstall-x86_64-pc-windows-msvc.zip"
provenance = "github-attestations"

[[tools."cargo:lychee"]]
version = "0.24.0"
backend = "cargo:lychee"

[[tools."cargo:mdbook"]]
version = "0.5.3"
backend = "cargo:mdbook"

[[tools."github:nextest-rs/nextest"]]
version = "0.9.140"
backend = "github:nextest-rs/nextest"

[tools."github:nextest-rs/nextest".options]
version_prefix = "cargo-nextest-"

[tools."github:nextest-rs/nextest"."platforms.linux-arm64"]
checksum = "sha256:8b3f4d4560b6b0f83774fecc6be07e47716dbad0eb0bb6c3890f478f4affe4b6"
url = "https://github.com/nextest-rs/nextest/releases/download/cargo-nextest-0.9.140/cargo-nextest-0.9.140-aarch64-unknown-linux-gnu.tar.gz"
url_api = "https://api.github.com/repos/nextest-rs/nextest/releases/assets/467464894"
provenance = "github-attestations"

[tools."github:nextest-rs/nextest"."platforms.linux-arm64-musl"]
checksum = "sha256:81fe08bda065ae74fa9092c444d797c31e12c245080bfb9f4dc207e21def4b98"
url = "https://github.com/nextest-rs/nextest/releases/download/cargo-nextest-0.9.140/cargo-nextest-0.9.140-aarch64-unknown-linux-musl.tar.gz"
url_api = "https://api.github.com/repos/nextest-rs/nextest/releases/assets/467465128"
provenance = "github-attestations"

[tools."github:nextest-rs/nextest"."platforms.linux-x64"]
checksum = "sha256:4ee9aaa0d0171a985a5d0eb735b87355894c1c455972e9674fb9fdbd1387c9a3"
url = "https://github.com/nextest-rs/nextest/releases/download/cargo-nextest-0.9.140/cargo-nextest-0.9.140-x86_64-unknown-linux-gnu.tar.gz"
url_api = "https://api.github.com/repos/nextest-rs/nextest/releases/assets/467470185"
provenance = "github-attestations"
provenance_verified = true

[tools."github:nextest-rs/nextest"."platforms.linux-x64-musl"]
checksum = "sha256:bc2a998567816eef7b087b920036f49fb89aa2a8a603f6a3d84098be160b62c5"
url = "https://github.com/nextest-rs/nextest/releases/download/cargo-nextest-0.9.140/cargo-nextest-0.9.140-x86_64-unknown-linux-musl.tar.gz"
url_api = "https://api.github.com/repos/nextest-rs/nextest/releases/assets/467467089"
provenance = "github-attestations"

[tools."github:nextest-rs/nextest"."platforms.macos-arm64"]
checksum = "sha256:58e0a722f9444078fab447783f322acf15a2a771ba785b3fbbe8bacda31c3df9"
url = "https://github.com/nextest-rs/nextest/releases/download/cargo-nextest-0.9.140/cargo-nextest-0.9.140-universal-apple-darwin.tar.gz"
url_api = "https://api.github.com/repos/nextest-rs/nextest/releases/assets/467468113"
provenance = "github-attestations"

[tools."github:nextest-rs/nextest"."platforms.macos-x64"]
checksum = "sha256:58e0a722f9444078fab447783f322acf15a2a771ba785b3fbbe8bacda31c3df9"
url = "https://github.com/nextest-rs/nextest/releases/download/cargo-nextest-0.9.140/cargo-nextest-0.9.140-universal-apple-darwin.tar.gz"
url_api = "https://api.github.com/repos/nextest-rs/nextest/releases/assets/467468113"
provenance = "github-attestations"

[tools."github:nextest-rs/nextest"."platforms.windows-x64"]
checksum = "sha256:ec39698dfe5bcfffb7d5da037f226bc1670584ba247123f4e684a0f224fe828d"
url = "https://github.com/nextest-rs/nextest/releases/download/cargo-nextest-0.9.140/cargo-nextest-0.9.140-x86_64-pc-windows-msvc.zip"
url_api = "https://api.github.com/repos/nextest-rs/nextest/releases/assets/467472279"
provenance = "github-attestations"

[[tools.node]]
version = "24.16.0"
backend = "core:node"

[tools.node."platforms.linux-arm64"]
checksum = "sha256:589f5b6dd4fcfee4dfda73013903c966abaa8abd93dbc9d436544e472b4f0e74"
url = "https://nodejs.org/dist/v24.16.0/node-v24.16.0-linux-arm64.tar.gz"

[tools.node."platforms.linux-arm64-musl"]
checksum = "sha256:85dde27aa73503b03dadfa0410a800067b4e3f702fb7fcaa3beaf284dfcc69e9"
url = "https://unofficial-builds.nodejs.org/download/release/v24.16.0/node-v24.16.0-linux-arm64-musl.tar.gz"

[tools.node."platforms.linux-x64"]
checksum = "sha256:2faf6a387e9b62b888e21c54f01249fb27537ffecf1842f29f4c919d0a59a0ff"
url = "https://nodejs.org/dist/v24.16.0/node-v24.16.0-linux-x64.tar.gz"

[tools.node."platforms.linux-x64-musl"]
checksum = "sha256:50df5d8d474892d4f7b906167df36f77f5b93908f63dc532dc568219cab65841"
url = "https://unofficial-builds.nodejs.org/download/release/v24.16.0/node-v24.16.0-linux-x64-musl.tar.gz"

[tools.node."platforms.macos-arm64"]
checksum = "sha256:39189dab4eeb15706c424af0ac08a3044c9e48f7db12a7d77f6b7aafc7dd5df6"
url = "https://nodejs.org/dist/v24.16.0/node-v24.16.0-darwin-arm64.tar.gz"

[tools.node."platforms.macos-x64"]
checksum = "sha256:298b4c7b3cb80765c8703e42b90324a4ece3b6634947b89e769c3c980ab55185"
url = "https://nodejs.org/dist/v24.16.0/node-v24.16.0-darwin-x64.tar.gz"

[tools.node."platforms.windows-x64"]
checksum = "sha256:edaca9bd58ec8e92037dac4e877d52f6b8f430b81c18b57e264b4e2fb111cd56"
url = "https://nodejs.org/dist/v24.16.0/node-v24.16.0-win-x64.zip"

[[tools."pipx:pre-commit"]]
version = "4.6.0"
backend = "pipx:pre-commit"

[[tools.python]]
version = "3.14.7"
backend = "core:python"
